
Microsoft Visual Studio Solution File, Format Version 12.00
# Visual Studio Version 17
VisualStudioVersion = 17.1.32104.313
MinimumVisualStudioVersion = 10.0.40219.1
Project("{FAE04EC0-301F-11D3-BF4B-00C04F79EFBC}") = "SBUIKitBlazor", "SBUIKitBlazor\SBUIKitBlazor.csproj", "{2FF5A87C-DA0D-4385-801D-4836035D1D4A}"
EndProject
Global
	GlobalSection(SolutionConfigurationPlatforms) = preSolution
		Debug|Any CPU = Debug|Any CPU
		Release|Any CPU = Release|Any CPU
	EndGlobalSection
	GlobalSection(ProjectConfigurationPlatforms) = postSolution
		{2FF5A87C-DA0D-4385-801D-4836035D1D4A}.Debug|Any CPU.ActiveCfg = Debug|Any CPU
		{2FF5A87C-DA0D-4385-801D-4836035D1D4A}.Debug|Any CPU.Build.0 = Debug|Any CPU
		{2FF5A87C-DA0D-4385-801D-4836035D1D4A}.Release|Any CPU.ActiveCfg = Release|Any CPU
		{2FF5A87C-DA0D-4385-801D-4836035D1D4A}.Release|Any CPU.Build.0 = Release|Any CPU
	EndGlobalSection
	GlobalSection(SolutionProperties) = preSolution
		HideSolutionNode = FALSE
	EndGlobalSection
	GlobalSection(ExtensibilityGlobals) = postSolution
		SolutionGuid = {C9AEAE82-C0CF-4CB5-9AC3-FBA72FC22FB8}
	EndGlobalSection
EndGlobal
